
Microsoft Visual Studio Solution File, Format Version 10.00
# Visual Studio 2008
Project("{FAE04EC0-301F-11D3-BF4B-00C04F79EFBC}") = "SimpleOrgChart.UnitTests", "SimpleOrgChart.UnitTests\SimpleOrgChart.UnitTests.csproj", "{D9510FAB-D557-49BA-9EC2-493AF83420FD}"
EndProject
Project("{FAE04EC0-301F-11D3-BF4B-00C04F79EFBC}") = "EventAggregator.CF", "EventAggregator.CF\EventAggregator.CF.csproj", "{60AE0791-C189-42AC-A8FC-53A57870755D}"
EndProject
Project("{FAE04EC0-301F-11D3-BF4B-00C04F79EFBC}") = "EventAggregator.UnitTests", "EventAggregator.UnitTests\EventAggregator.UnitTests.csproj", "{43544158-F4E6-43A5-A984-C3B9A4E26986}"
EndProject
Project("{FAE04EC0-301F-11D3-BF4B-00C04F79EFBC}") = "SimpleOrgChart.CF", "SimpleOrgChart.CF\SimpleOrgChart.CF.csproj", "{1567369C-8DBC-4AC5-B364-33CE499579BF}"
EndProject
Project("{FAE04EC0-301F-11D3-BF4B-00C04F79EFBC}") = "SimpleOrgChart.CF.UI", "SimpleOrgChart.CF.UI\SimpleOrgChart.CF.UI.csproj", "{2E69D037-9F75-44EA-86AB-02F5D10B63A5}"
EndProject
Global
	GlobalSection(SolutionConfigurationPlatforms) = preSolution
		Debug|Any CPU = Debug|Any CPU
		Release|Any CPU = Release|Any CPU
	EndGlobalSection
	GlobalSection(ProjectConfigurationPlatforms) = postSolution
		{D9510FAB-D557-49BA-9EC2-493AF83420FD}.Debug|Any CPU.ActiveCfg = Debug|Any CPU
		{D9510FAB-D557-49BA-9EC2-493AF83420FD}.Debug|Any CPU.Build.0 = Debug|Any CPU
		{D9510FAB-D557-49BA-9EC2-493AF83420FD}.Release|Any CPU.ActiveCfg = Release|Any CPU
		{D9510FAB-D557-49BA-9EC2-493AF83420FD}.Release|Any CPU.Build.0 = Release|Any CPU
		{60AE0791-C189-42AC-A8FC-53A57870755D}.Debug|Any CPU.ActiveCfg = Debug|Any CPU
		{60AE0791-C189-42AC-A8FC-53A57870755D}.Debug|Any CPU.Build.0 = Debug|Any CPU
		{60AE0791-C189-42AC-A8FC-53A57870755D}.Release|Any CPU.ActiveCfg = Release|Any CPU
		{60AE0791-C189-42AC-A8FC-53A57870755D}.Release|Any CPU.Build.0 = Release|Any CPU
		{43544158-F4E6-43A5-A984-C3B9A4E26986}.Debug|Any CPU.ActiveCfg = Debug|Any CPU
		{43544158-F4E6-43A5-A984-C3B9A4E26986}.Debug|Any CPU.Build.0 = Debug|Any CPU
		{43544158-F4E6-43A5-A984-C3B9A4E26986}.Release|Any CPU.ActiveCfg = Release|Any CPU
		{43544158-F4E6-43A5-A984-C3B9A4E26986}.Release|Any CPU.Build.0 = Release|Any CPU
		{1567369C-8DBC-4AC5-B364-33CE499579BF}.Debug|Any CPU.ActiveCfg = Debug|Any CPU
		{1567369C-8DBC-4AC5-B364-33CE499579BF}.Debug|Any CPU.Build.0 = Debug|Any CPU
		{1567369C-8DBC-4AC5-B364-33CE499579BF}.Debug|Any CPU.Deploy.0 = Debug|Any CPU
		{1567369C-8DBC-4AC5-B364-33CE499579BF}.Release|Any CPU.ActiveCfg = Release|Any CPU
		{1567369C-8DBC-4AC5-B364-33CE499579BF}.Release|Any CPU.Build.0 = Release|Any CPU
		{1567369C-8DBC-4AC5-B364-33CE499579BF}.Release|Any CPU.Deploy.0 = Release|Any CPU
		{2E69D037-9F75-44EA-86AB-02F5D10B63A5}.Debug|Any CPU.ActiveCfg = Debug|Any CPU
		{2E69D037-9F75-44EA-86AB-02F5D10B63A5}.Debug|Any CPU.Build.0 = Debug|Any CPU
		{2E69D037-9F75-44EA-86AB-02F5D10B63A5}.Debug|Any CPU.Deploy.0 = Debug|Any CPU
		{2E69D037-9F75-44EA-86AB-02F5D10B63A5}.Release|Any CPU.ActiveCfg = Release|Any CPU
		{2E69D037-9F75-44EA-86AB-02F5D10B63A5}.Release|Any CPU.Build.0 = Release|Any CPU
		{2E69D037-9F75-44EA-86AB-02F5D10B63A5}.Release|Any CPU.Deploy.0 = Release|Any CPU
	EndGlobalSection
	GlobalSection(SolutionProperties) = preSolution
		HideSolutionNode = FALSE
	EndGlobalSection
EndGlobal
